// !$*UTF8*$!
{
	archiveVersion = 1;
	classes = {
	};
	objectVersion = 55;
	objects = {

/* Begin PBXBuildFile section */
		E7A811C72A88BBE2005283AB /* AppDelegate.swift in Sources */ = {isa = PBXBuildFile; fileRef = E7A811C62A88BBE2005283AB /* AppDelegate.swift */; };
		E7A811C92A88BBE2005283AB /* SceneDelegate.swift in Sources */ = {isa = PBXBuildFile; fileRef = E7A811C82A88BBE2005283AB /* SceneDelegate.swift */; };
		E7A811CB2A88BBE2005283AB /* ViewController.swift in Sources */ = {isa = PBXBuildFile; fileRef = E7A811CA2A88BBE2005283AB /* ViewController.swift */; };
		E7A811CE2A88BBE2005283AB /* Main.storyboard in Resources */ = {isa = PBXBuildFile; fileRef = E7A811CC2A88BBE2005283AB /* Main.storyboard */; };
		E7A811D12A88BBE2005283AB /* EssentialDeveloperApp.xcdatamodeld in Sources */ = {isa = PBXBuildFile; fileRef = E7A811CF2A88BBE2005283AB /* EssentialDeveloperApp.xcdatamodeld */; };
		E7A811D32A88BBE2005283AB /* Assets.xcassets in Resources */ = {isa = PBXBuildFile; fileRef = E7A811D22A88BBE2005283AB /* Assets.xcassets */; };
		E7A811D62A88BBE2005283AB /* LaunchScreen.storyboard in Resources */ = {isa = PBXBuildFile; fileRef = E7A811D42A88BBE2005283AB /* LaunchScreen.storyboard */; };
		E7A811E12A88BBE2005283AB /* EssentialDeveloperAppTests.swift in Sources */ = {isa = PBXBuildFile; fileRef = E7A811E02A88BBE2005283AB /* EssentialDeveloperAppTests.swift */; };
		E7A811EB2A88BBE2005283AB /* EssentialDeveloperAppUITests.swift in Sources */ = {isa = PBXBuildFile; fileRef = E7A811EA2A88BBE2005283AB /* EssentialDeveloperAppUITests.swift */; };
		E7A811ED2A88BBE2005283AB /* EssentialDeveloperAppUITestsLaunchTests.swift in Sources */ = {isa = PBXBuildFile; fileRef = E7A811EC2A88BBE2005283AB /* EssentialDeveloperAppUITestsLaunchTests.swift */; };
/* End PBXBuildFile section */

/* Begin PBXContainerItemProxy section */
		E7A811DD2A88BBE2005283AB /* PBXContainerItemProxy */ = {
			isa = PBXContainerItemProxy;
			containerPortal = E7A811BB2A88BBE1005283AB /* Project object */;
			proxyType = 1;
			remoteGlobalIDString = E7A811C22A88BBE2005283AB;
			remoteInfo = EssentialDeveloperApp;
		};
		E7A811E72A88BBE2005283AB /* PBXContainerItemProxy */ = {
			isa = PBXContainerItemProxy;
			containerPortal = E7A811BB2A88BBE1005283AB /* Project object */;
			proxyType = 1;
			remoteGlobalIDString = E7A811C22A88BBE2005283AB;
			remoteInfo = EssentialDeveloperApp;
		};
/* End PBXContainerItemProxy section */

/* Begin PBXFileReference section */
		E7A811C32A88BBE2005283AB /* EssentialDeveloperApp.app */ = {isa = PBXFileReference; explicitFileType = wrapper.application; includeInIndex = 0; path = EssentialDeveloperApp.app; sourceTree = BUILT_PRODUCTS_DIR; };
		E7A811C62A88BBE2005283AB /* AppDelegate.swift */ = {isa = PBXFileReference; lastKnownFileType = sourcecode.swift; path = AppDelegate.swift; sourceTree = "<group>"; };
		E7A811C82A88BBE2005283AB /* SceneDelegate.swift */ = {isa = PBXFileReference; lastKnownFileType = sourcecode.swift; path = SceneDelegate.swift; sourceTree = "<group>"; };
		E7A811CA2A88BBE2005283AB /* ViewController.swift */ = {isa = PBXFileReference; lastKnownFileType = sourcecode.swift; path = ViewController.swift; sourceTree = "<group>"; };
		E7A811CD2A88BBE2005283AB /* Base */ = {isa = PBXFileReference; lastKnownFileType = file.storyboard; name = Base; path = Base.lproj/Main.storyboard; sourceTree = "<group>"; };
		E7A811D02A88BBE2005283AB /* EssentialDeveloperApp.xcdatamodel */ = {isa = PBXFileReference; lastKnownFileType = wrapper.xcdatamodel; path = EssentialDeveloperApp.xcdatamodel; sourceTree = "<group>"; };
		E7A811D22A88BBE2005283AB /* Assets.xcassets */ = {isa = PBXFileReference; lastKnownFileType = folder.assetcatalog; path = Assets.xcassets; sourceTree = "<group>"; };
		E7A811D52A88BBE2005283AB /* Base */ = {isa = PBXFileReference; lastKnownFileType = file.storyboard; name = Base; path = Base.lproj/LaunchScreen.storyboard; sourceTree = "<group>"; };
		E7A811D72A88BBE2005283AB /* Info.plist */ = {isa = PBXFileReference; lastKnownFileType = text.plist.xml; path = Info.plist; sourceTree = "<group>"; };
		E7A811DC2A88BBE2005283AB /* EssentialDeveloperAppTests.xctest */ = {isa = PBXFileReference; explicitFileType = wrapper.cfbundle; includeInIndex = 0; path = EssentialDeveloperAppTests.xctest; sourceTree = BUILT_PRODUCTS_DIR; };
		E7A811E02A88BBE2005283AB /* EssentialDeveloperAppTests.swift */ = {isa = PBXFileReference; lastKnownFileType = sourcecode.swift; path = EssentialDeveloperAppTests.swift; sourceTree = "<group>"; };
		E7A811E62A88BBE2005283AB /* EssentialDeveloperAppUITests.xctest */ = {isa = PBXFileReference; explicitFileType = wrapper.cfbundle; includeInIndex = 0; path = EssentialDeveloperAppUITests.xctest; sourceTree = BUILT_PRODUCTS_DIR; };
		E7A811EA2A88BBE2005283AB /* EssentialDeveloperAppUITests.swift */ = {isa = PBXFileReference; lastKnownFileType = sourcecode.swift; path = EssentialDeveloperAppUITests.swift; sourceTree = "<group>"; };
		E7A811EC2A88BBE2005283AB /* EssentialDeveloperAppUITestsLaunchTests.swift */ = {isa = PBXFileReference; lastKnownFileType = sourcecode.swift; path = EssentialDeveloperAppUITestsLaunchTests.swift; sourceTree = "<group>"; };
		E7E046BE2A89CA3500FE4085 /* EssentialDeveloperApp-Release.xcconfig */ = {isa = PBXFileReference; lastKnownFileType = text.xcconfig; path = "EssentialDeveloperApp-Release.xcconfig"; sourceTree = "<group>"; };
		E7E046BF2A89CA3500FE4085 /* EssentialDeveloperAppTests-Debug.xcconfig */ = {isa = PBXFileReference; lastKnownFileType = text.xcconfig; path = "EssentialDeveloperAppTests-Debug.xcconfig"; sourceTree = "<group>"; };
		E7E046C02A89CA3500FE4085 /* EssentialDeveloperAppUITests-Debug.xcconfig */ = {isa = PBXFileReference; lastKnownFileType = text.xcconfig; path = "EssentialDeveloperAppUITests-Debug.xcconfig"; sourceTree = "<group>"; };
		E7E046C12A89CA3500FE4085 /* Project-Release.xcconfig */ = {isa = PBXFileReference; lastKnownFileType = text.xcconfig; path = "Project-Release.xcconfig"; sourceTree = "<group>"; };
		E7E046C22A89CA3500FE4085 /* EssentialDeveloperAppUITests-Release.xcconfig */ = {isa = PBXFileReference; lastKnownFileType = text.xcconfig; path = "EssentialDeveloperAppUITests-Release.xcconfig"; sourceTree = "<group>"; };
		E7E046C32A89CA3500FE4085 /* Project-Shared.xcconfig */ = {isa = PBXFileReference; lastKnownFileType = text.xcconfig; path = "Project-Shared.xcconfig"; sourceTree = "<group>"; };
		E7E046C42A89CA3500FE4085 /* EssentialDeveloperAppUITests-Shared.xcconfig */ = {isa = PBXFileReference; lastKnownFileType = text.xcconfig; path = "EssentialDeveloperAppUITests-Shared.xcconfig"; sourceTree = "<group>"; };
		E7E046C52A89CA3500FE4085 /* EssentialDeveloperAppTests-Release.xcconfig */ = {isa = PBXFileReference; lastKnownFileType = text.xcconfig; path = "EssentialDeveloperAppTests-Release.xcconfig"; sourceTree = "<group>"; };
		E7E046C62A89CA3500FE4085 /* EssentialDeveloperAppTests-Shared.xcconfig */ = {isa = PBXFileReference; lastKnownFileType = text.xcconfig; path = "EssentialDeveloperAppTests-Shared.xcconfig"; sourceTree = "<group>"; };
		E7E046C72A89CA3500FE4085 /* EssentialDeveloperApp-Shared.xcconfig */ = {isa = PBXFileReference; lastKnownFileType = text.xcconfig; path = "EssentialDeveloperApp-Shared.xcconfig"; sourceTree = "<group>"; };
		E7E046C82A89CA3500FE4085 /* EssentialDeveloperApp-Debug.xcconfig */ = {isa = PBXFileReference; lastKnownFileType = text.xcconfig; path = "EssentialDeveloperApp-Debug.xcconfig"; sourceTree = "<group>"; };
		E7E046C92A89CA3500FE4085 /* Project-Debug.xcconfig */ = {isa = PBXFileReference; lastKnownFileType = text.xcconfig; path = "Project-Debug.xcconfig"; sourceTree = "<group>"; };
		E7E046CB2A89CDBE00FE4085 /* SharedConfig.xcconfig */ = {isa = PBXFileReference; lastKnownFileType = text.xcconfig; path = SharedConfig.xcconfig; sourceTree = "<group>"; };
/* End PBXFileReference section */

/* Begin PBXFrameworksBuildPhase section */
		E7A811C02A88BBE2005283AB /* Frameworks */ = {
			isa = PBXFrameworksBuildPhase;
			buildActionMask = 2147483647;
			files = (
			);
			runOnlyForDeploymentPostprocessing = 0;
		};
		E7A811D92A88BBE2005283AB /* Frameworks */ = {
			isa = PBXFrameworksBuildPhase;
			buildActionMask = 2147483647;
			files = (
			);
			runOnlyForDeploymentPostprocessing = 0;
		};
		E7A811E32A88BBE2005283AB /* Frameworks */ = {
			isa = PBXFrameworksBuildPhase;
			buildActionMask = 2147483647;
			files = (
			);
			runOnlyForDeploymentPostprocessing = 0;
		};
/* End PBXFrameworksBuildPhase section */

/* Begin PBXGroup section */
		E7A811BA2A88BBE1005283AB = {
			isa = PBXGroup;
			children = (
				E7E046CA2A89CD9400FE4085 /* Sharedxcconfig */,
				E7E046BD2A89CA3500FE4085 /* xcconfig */,
				E7A811C52A88BBE2005283AB /* EssentialDeveloperApp */,
				E7A811DF2A88BBE2005283AB /* EssentialDeveloperAppTests */,
				E7A811E92A88BBE2005283AB /* EssentialDeveloperAppUITests */,
				E7A811C42A88BBE2005283AB /* Products */,
			);
			sourceTree = "<group>";
		};
		E7A811C42A88BBE2005283AB /* Products */ = {
			isa = PBXGroup;
			children = (
				E7A811C32A88BBE2005283AB /* EssentialDeveloperApp.app */,
				E7A811DC2A88BBE2005283AB /* EssentialDeveloperAppTests.xctest */,
				E7A811E62A88BBE2005283AB /* EssentialDeveloperAppUITests.xctest */,
			);
			name = Products;
			sourceTree = "<group>";
		};
		E7A811C52A88BBE2005283AB /* EssentialDeveloperApp */ = {
			isa = PBXGroup;
			children = (
				E7A811C62A88BBE2005283AB /* AppDelegate.swift */,
				E7A811C82A88BBE2005283AB /* SceneDelegate.swift */,
				E7A811CA2A88BBE2005283AB /* ViewController.swift */,
				E7A811CC2A88BBE2005283AB /* Main.storyboard */,
				E7A811D22A88BBE2005283AB /* Assets.xcassets */,
				E7A811D42A88BBE2005283AB /* LaunchScreen.storyboard */,
				E7A811D72A88BBE2005283AB /* Info.plist */,
				E7A811CF2A88BBE2005283AB /* EssentialDeveloperApp.xcdatamodeld */,
			);
			path = EssentialDeveloperApp;
			sourceTree = "<group>";
		};
		E7A811DF2A88BBE2005283AB /* EssentialDeveloperAppTests */ = {
			isa = PBXGroup;
			children = (
				E7A811E02A88BBE2005283AB /* EssentialDeveloperAppTests.swift */,
			);
			path = EssentialDeveloperAppTests;
			sourceTree = "<group>";
		};
		E7A811E92A88BBE2005283AB /* EssentialDeveloperAppUITests */ = {
			isa = PBXGroup;
			children = (
				E7A811EA2A88BBE2005283AB /* EssentialDeveloperAppUITests.swift */,
				E7A811EC2A88BBE2005283AB /* EssentialDeveloperAppUITestsLaunchTests.swift */,
			);
			path = EssentialDeveloperAppUITests;
			sourceTree = "<group>";
		};
		E7E046BD2A89CA3500FE4085 /* xcconfig */ = {
			isa = PBXGroup;
			children = (
				E7E046C82A89CA3500FE4085 /* EssentialDeveloperApp-Debug.xcconfig */,
				E7E046BE2A89CA3500FE4085 /* EssentialDeveloperApp-Release.xcconfig */,
				E7E046C72A89CA3500FE4085 /* EssentialDeveloperApp-Shared.xcconfig */,
				E7E046BF2A89CA3500FE4085 /* EssentialDeveloperAppTests-Debug.xcconfig */,
				E7E046C52A89CA3500FE4085 /* EssentialDeveloperAppTests-Release.xcconfig */,
				E7E046C62A89CA3500FE4085 /* EssentialDeveloperAppTests-Shared.xcconfig */,
				E7E046C02A89CA3500FE4085 /* EssentialDeveloperAppUITests-Debug.xcconfig */,
				E7E046C22A89CA3500FE4085 /* EssentialDeveloperAppUITests-Release.xcconfig */,
				E7E046C42A89CA3500FE4085 /* EssentialDeveloperAppUITests-Shared.xcconfig */,
				E7E046C92A89CA3500FE4085 /* Project-Debug.xcconfig */,
				E7E046C12A89CA3500FE4085 /* Project-Release.xcconfig */,
				E7E046C32A89CA3500FE4085 /* Project-Shared.xcconfig */,
			);
			path = xcconfig;
			sourceTree = "<group>";
		};
		E7E046CA2A89CD9400FE4085 /* Sharedxcconfig */ = {
			isa = PBXGroup;
			children = (
				E7E046CB2A89CDBE00FE4085 /* SharedConfig.xcconfig */,
			);
			path = Sharedxcconfig;
			sourceTree = "<group>";
		};
/* End PBXGroup section */

/* Begin PBXNativeTarget section */
		E7A811C22A88BBE2005283AB /* EssentialDeveloperApp */ = {
			isa = PBXNativeTarget;
			buildConfigurationList = E7A811F02A88BBE2005283AB /* Build configuration list for PBXNativeTarget "EssentialDeveloperApp" */;
			buildPhases = (
				E7A811BF2A88BBE2005283AB /* Sources */,
				E7A811C02A88BBE2005283AB /* Frameworks */,
				E7A811C12A88BBE2005283AB /* Resources */,
			);
			buildRules = (
			);
			dependencies = (
			);
			name = EssentialDeveloperApp;
			productName = EssentialDeveloperApp;
			productReference = E7A811C32A88BBE2005283AB /* EssentialDeveloperApp.app */;
			productType = "com.apple.product-type.application";
		};
		E7A811DB2A88BBE2005283AB /* EssentialDeveloperAppTests */ = {
			isa = PBXNativeTarget;
			buildConfigurationList = E7A811F32A88BBE2005283AB /* Build configuration list for PBXNativeTarget "EssentialDeveloperAppTests" */;
			buildPhases = (
				E7A811D82A88BBE2005283AB /* Sources */,
				E7A811D92A88BBE2005283AB /* Frameworks */,
				E7A811DA2A88BBE2005283AB /* Resources */,
			);
			buildRules = (
			);
			dependencies = (
				E7A811DE2A88BBE2005283AB /* PBXTargetDependency */,
			);
			name = EssentialDeveloperAppTests;
			productName = EssentialDeveloperAppTests;
			productReference = E7A811DC2A88BBE2005283AB /* EssentialDeveloperAppTests.xctest */;
			productType = "com.apple.product-type.bundle.unit-test";
		};
		E7A811E52A88BBE2005283AB /* EssentialDeveloperAppUITests */ = {
			isa = PBXNativeTarget;
			buildConfigurationList = E7A811F62A88BBE2005283AB /* Build configuration list for PBXNativeTarget "EssentialDeveloperAppUITests" */;
			buildPhases = (
				E7A811E22A88BBE2005283AB /* Sources */,
				E7A811E32A88BBE2005283AB /* Frameworks */,
				E7A811E42A88BBE2005283AB /* Resources */,
			);
			buildRules = (
			);
			dependencies = (
				E7A811E82A88BBE2005283AB /* PBXTargetDependency */,
			);
			name = EssentialDeveloperAppUITests;
			productName = EssentialDeveloperAppUITests;
			productReference = E7A811E62A88BBE2005283AB /* EssentialDeveloperAppUITests.xctest */;
			productType = "com.apple.product-type.bundle.ui-testing";
		};
/* End PBXNativeTarget section */

/* Begin PBXProject section */
		E7A811BB2A88BBE1005283AB /* Project object */ = {
			isa = PBXProject;
			attributes = {
				BuildIndependentTargetsInParallel = 1;
				LastSwiftUpdateCheck = 1330;
				LastUpgradeCheck = 1330;
				TargetAttributes = {
					E7A811C22A88BBE2005283AB = {
						CreatedOnToolsVersion = 13.3;
					};
					E7A811DB2A88BBE2005283AB = {
						CreatedOnToolsVersion = 13.3;
						TestTargetID = E7A811C22A88BBE2005283AB;
					};
					E7A811E52A88BBE2005283AB = {
						CreatedOnToolsVersion = 13.3;
						TestTargetID = E7A811C22A88BBE2005283AB;
					};
				};
			};
			buildConfigurationList = E7A811BE2A88BBE1005283AB /* Build configuration list for PBXProject "EssentialDeveloperApp" */;
			compatibilityVersion = "Xcode 13.0";
			developmentRegion = en;
			hasScannedForEncodings = 0;
			knownRegions = (
				en,
				Base,
			);
			mainGroup = E7A811BA2A88BBE1005283AB;
			productRefGroup = E7A811C42A88BBE2005283AB /* Products */;
			projectDirPath = "";
			projectRoot = "";
			targets = (
				E7A811C22A88BBE2005283AB /* EssentialDeveloperApp */,
				E7A811DB2A88BBE2005283AB /* EssentialDeveloperAppTests */,
				E7A811E52A88BBE2005283AB /* EssentialDeveloperAppUITests */,
			);
		};
/* End PBXProject section */

/* Begin PBXResourcesBuildPhase section */
		E7A811C12A88BBE2005283AB /* Resources */ = {
			isa = PBXResourcesBuildPhase;
			buildActionMask = 2147483647;
			files = (
				E7A811D62A88BBE2005283AB /* LaunchScreen.storyboard in Resources */,
				E7A811D32A88BBE2005283AB /* Assets.xcassets in Resources */,
				E7A811CE2A88BBE2005283AB /* Main.storyboard in Resources */,
			);
			runOnlyForDeploymentPostprocessing = 0;
		};
		E7A811DA2A88BBE2005283AB /* Resources */ = {
			isa = PBXResourcesBuildPhase;
			buildActionMask = 2147483647;
			files = (
			);
			runOnlyForDeploymentPostprocessing = 0;
		};
		E7A811E42A88BBE2005283AB /* Resources */ = {
			isa = PBXResourcesBuildPhase;
			buildActionMask = 2147483647;
			files = (
			);
			runOnlyForDeploymentPostprocessing = 0;
		};
/* End PBXResourcesBuildPhase section */

/* Begin PBXSourcesBuildPhase section */
		E7A811BF2A88BBE2005283AB /* Sources */ = {
			isa = PBXSourcesBuildPhase;
			buildActionMask = 2147483647;
			files = (
				E7A811CB2A88BBE2005283AB /* ViewController.swift in Sources */,
				E7A811D12A88BBE2005283AB /* EssentialDeveloperApp.xcdatamodeld in Sources */,
				E7A811C72A88BBE2005283AB /* AppDelegate.swift in Sources */,
				E7A811C92A88BBE2005283AB /* SceneDelegate.swift in Sources */,
			);
			runOnlyForDeploymentPostprocessing = 0;
		};
		E7A811D82A88BBE2005283AB /* Sources */ = {
			isa = PBXSourcesBuildPhase;
			buildActionMask = 2147483647;
			files = (
				E7A811E12A88BBE2005283AB /* EssentialDeveloperAppTests.swift in Sources */,
			);
			runOnlyForDeploymentPostprocessing = 0;
		};
		E7A811E22A88BBE2005283AB /* Sources */ = {
			isa = PBXSourcesBuildPhase;
			buildActionMask = 2147483647;
			files = (
				E7A811ED2A88BBE2005283AB /* EssentialDeveloperAppUITestsLaunchTests.swift in Sources */,
				E7A811EB2A88BBE2005283AB /* EssentialDeveloperAppUITests.swift in Sources */,
			);
			runOnlyForDeploymentPostprocessing = 0;
		};
/* End PBXSourcesBuildPhase section */

/* Begin PBXTargetDependency section */
		E7A811DE2A88BBE2005283AB /* PBXTargetDependency */ = {
			isa = PBXTargetDependency;
			target = E7A811C22A88BBE2005283AB /* EssentialDeveloperApp */;
			targetProxy = E7A811DD2A88BBE2005283AB /* PBXContainerItemProxy */;
		};
		E7A811E82A88BBE2005283AB /* PBXTargetDependency */ = {
			isa = PBXTargetDependency;
			target = E7A811C22A88BBE2005283AB /* EssentialDeveloperApp */;
			targetProxy = E7A811E72A88BBE2005283AB /* PBXContainerItemProxy */;
		};
/* End PBXTargetDependency section */

/* Begin PBXVariantGroup section */
		E7A811CC2A88BBE2005283AB /* Main.storyboard */ = {
			isa = PBXVariantGroup;
			children = (
				E7A811CD2A88BBE2005283AB /* Base */,
			);
			name = Main.storyboard;
			sourceTree = "<group>";
		};
		E7A811D42A88BBE2005283AB /* LaunchScreen.storyboard */ = {
			isa = PBXVariantGroup;
			children = (
				E7A811D52A88BBE2005283AB /* Base */,
			);
			name = LaunchScreen.storyboard;
			sourceTree = "<group>";
		};
/* End PBXVariantGroup section */

/* Begin XCBuildConfiguration section */
		E7A811EE2A88BBE2005283AB /* Debug */ = {
			isa = XCBuildConfiguration;
			baseConfigurationReference = E7E046C92A89CA3500FE4085 /* Project-Debug.xcconfig */;
			buildSettings = {
			};
			name = Debug;
		};
		E7A811EF2A88BBE2005283AB /* Release */ = {
			isa = XCBuildConfiguration;
			baseConfigurationReference = E7E046C12A89CA3500FE4085 /* Project-Release.xcconfig */;
			buildSettings = {
			};
			name = Release;
		};
		E7A811F12A88BBE2005283AB /* Debug */ = {
			isa = XCBuildConfiguration;
			baseConfigurationReference = E7E046C82A89CA3500FE4085 /* EssentialDeveloperApp-Debug.xcconfig */;
			buildSettings = {
			};
			name = Debug;
		};
		E7A811F22A88BBE2005283AB /* Release */ = {
			isa = XCBuildConfiguration;
			baseConfigurationReference = E7E046BE2A89CA3500FE4085 /* EssentialDeveloperApp-Release.xcconfig */;
			buildSettings = {
			};
			name = Release;
		};
		E7A811F42A88BBE2005283AB /* Debug */ = {
			isa = XCBuildConfiguration;
			baseConfigurationReference = E7E046BF2A89CA3500FE4085 /* EssentialDeveloperAppTests-Debug.xcconfig */;
			buildSettings = {
			};
			name = Debug;
		};
		E7A811F52A88BBE2005283AB /* Release */ = {
			isa = XCBuildConfiguration;
			baseConfigurationReference = E7E046C52A89CA3500FE4085 /* EssentialDeveloperAppTests-Release.xcconfig */;
			buildSettings = {
			};
			name = Release;
		};
		E7A811F72A88BBE2005283AB /* Debug */ = {
			isa = XCBuildConfiguration;
			baseConfigurationReference = E7E046C02A89CA3500FE4085 /* EssentialDeveloperAppUITests-Debug.xcconfig */;
			buildSettings = {
			};
			name = Debug;
		};
		E7A811F82A88BBE2005283AB /* Release */ = {
			isa = XCBuildConfiguration;
			baseConfigurationReference = E7E046C22A89CA3500FE4085 /* EssentialDeveloperAppUITests-Release.xcconfig */;
			buildSettings = {
			};
			name = Release;
		};
/* End XCBuildConfiguration section */

/* Begin XCConfigurationList section */
		E7A811BE2A88BBE1005283AB /* Build configuration list for PBXProject "EssentialDeveloperApp" */ = {
			isa = XCConfigurationList;
			buildConfigurations = (
				E7A811EE2A88BBE2005283AB /* Debug */,
				E7A811EF2A88BBE2005283AB /* Release */,
			);
			defaultConfigurationIsVisible = 0;
			defaultConfigurationName = Release;
		};
		E7A811F02A88BBE2005283AB /* Build configuration list for PBXNativeTarget "EssentialDeveloperApp" */ = {
			isa = XCConfigurationList;
			buildConfigurations = (
				E7A811F12A88BBE2005283AB /* Debug */,
				E7A811F22A88BBE2005283AB /* Release */,
			);
			defaultConfigurationIsVisible = 0;
			defaultConfigurationName = Release;
		};
		E7A811F32A88BBE2005283AB /* Build configuration list for PBXNativeTarget "EssentialDeveloperAppTests" */ = {
			isa = XCConfigurationList;
			buildConfigurations = (
				E7A811F42A88BBE2005283AB /* Debug */,
				E7A811F52A88BBE2005283AB /* Release */,
			);
			defaultConfigurationIsVisible = 0;
			defaultConfigurationName = Release;
		};
		E7A811F62A88BBE2005283AB /* Build configuration list for PBXNativeTarget "EssentialDeveloperAppUITests" */ = {
			isa = XCConfigurationList;
			buildConfigurations = (
				E7A811F72A88BBE2005283AB /* Debug */,
				E7A811F82A88BBE2005283AB /* Release */,
			);
			defaultConfigurationIsVisible = 0;
			defaultConfigurationName = Release;
		};
/* End XCConfigurationList section */

/* Begin XCVersionGroup section */
		E7A811CF2A88BBE2005283AB /* EssentialDeveloperApp.xcdatamodeld */ = {
			isa = XCVersionGroup;
			children = (
				E7A811D02A88BBE2005283AB /* EssentialDeveloperApp.xcdatamodel */,
			);
			currentVersion = E7A811D02A88BBE2005283AB /* EssentialDeveloperApp.xcdatamodel */;
			path = EssentialDeveloperApp.xcdatamodeld;
			sourceTree = "<group>";
			versionGroupType = wrapper.xcdatamodel;
		};
/* End XCVersionGroup section */
	};
	rootObject = E7A811BB2A88BBE1005283AB /* Project object */;
}
